// !$*UTF8*$!
{
	archiveVersion = 1;
	classes = {
	};
	objectVersion = 50;
	objects = {

/* Begin PBXBuildFile section */
		A0653D3020C1D74F004DCA47 /* FirebaseCore.framework in Frameworks */ = {isa = PBXBuildFile; fileRef = A0653D2F20C1D74F004DCA47 /* FirebaseCore.framework */; };
		A074F22620C1CF8E008942F2 /* AppDelegate.swift in Sources */ = {isa = PBXBuildFile; fileRef = A074F22520C1CF8E008942F2 /* AppDelegate.swift */; };
		A074F22820C1CF8E008942F2 /* ViewController.swift in Sources */ = {isa = PBXBuildFile; fileRef = A074F22720C1CF8E008942F2 /* ViewController.swift */; };
		A074F22B20C1CF8E008942F2 /* Main.storyboard in Resources */ = {isa = PBXBuildFile; fileRef = A074F22920C1CF8E008942F2 /* Main.storyboard */; };
		A074F22D20C1CF8F008942F2 /* Assets.xcassets in Resources */ = {isa = PBXBuildFile; fileRef = A074F22C20C1CF8F008942F2 /* Assets.xcassets */; };
		A074F23020C1CF8F008942F2 /* LaunchScreen.storyboard in Resources */ = {isa = PBXBuildFile; fileRef = A074F22E20C1CF8F008942F2 /* LaunchScreen.storyboard */; };
		A074F23820C1CF9B008942F2 /* GoogleService-Info.plist in Resources */ = {isa = PBXBuildFile; fileRef = A074F23720C1CF9B008942F2 /* GoogleService-Info.plist */; };
		A0FEC1B420C1DFD700D0EE96 /* Captura de pantalla 2018-06-01 a las 22.10.18.png in Resources */ = {isa = PBXBuildFile; fileRef = A0FEC1B320C1DFD700D0EE96 /* Captura de pantalla 2018-06-01 a las 22.10.18.png */; };
		A0FEC1B620C1E27B00D0EE96 /* abstract-techno-background-with-halftone-dots_1048-3421.jpg in Resources */ = {isa = PBXBuildFile; fileRef = A0FEC1B520C1E27B00D0EE96 /* abstract-techno-background-with-halftone-dots_1048-3421.jpg */; };
		DE6970E6C1CE6149BEC68FFA /* Pods_SuperPro.framework in Frameworks */ = {isa = PBXBuildFile; fileRef = C9DD0B05926FAB21ABE52B99 /* Pods_SuperPro.framework */; };
/* End PBXBuildFile section */

/* Begin PBXFileReference section */
		5F09BF9DC8F7526BDE2A09E0 /* Pods-SuperPro.release.xcconfig */ = {isa = PBXFileReference; includeInIndex = 1; lastKnownFileType = text.xcconfig; name = "Pods-SuperPro.release.xcconfig"; path = "Pods/Target Support Files/Pods-SuperPro/Pods-SuperPro.release.xcconfig"; sourceTree = "<group>"; };
		7F1DCD79071B7B85F9F6E1F0 /* Pods-SuperPro.debug.xcconfig */ = {isa = PBXFileReference; includeInIndex = 1; lastKnownFileType = text.xcconfig; name = "Pods-SuperPro.debug.xcconfig"; path = "Pods/Target Support Files/Pods-SuperPro/Pods-SuperPro.debug.xcconfig"; sourceTree = "<group>"; };
		A0653D2E20C1D34B004DCA47 /* SuperPro.entitlements */ = {isa = PBXFileReference; lastKnownFileType = text.plist.entitlements; path = SuperPro.entitlements; sourceTree = "<group>"; };
		A0653D2F20C1D74F004DCA47 /* FirebaseCore.framework */ = {isa = PBXFileReference; explicitFileType = wrapper.framework; path = FirebaseCore.framework; sourceTree = BUILT_PRODUCTS_DIR; };
		A074F22220C1CF8E008942F2 /* SuperPro.app */ = {isa = PBXFileReference; explicitFileType = wrapper.application; includeInIndex = 0; path = SuperPro.app; sourceTree = BUILT_PRODUCTS_DIR; };
		A074F22520C1CF8E008942F2 /* AppDelegate.swift */ = {isa = PBXFileReference; lastKnownFileType = sourcecode.swift; path = AppDelegate.swift; sourceTree = "<group>"; };
		A074F22720C1CF8E008942F2 /* ViewController.swift */ = {isa = PBXFileReference; lastKnownFileType = sourcecode.swift; path = ViewController.swift; sourceTree = "<group>"; };
		A074F22A20C1CF8E008942F2 /* Base */ = {isa = PBXFileReference; lastKnownFileType = file.storyboard; name = Base; path = Base.lproj/Main.storyboard; sourceTree = "<group>"; };
		A074F22C20C1CF8F008942F2 /* Assets.xcassets */ = {isa = PBXFileReference; lastKnownFileType = folder.assetcatalog; path = Assets.xcassets; sourceTree = "<group>"; };
		A074F22F20C1CF8F008942F2 /* Base */ = {isa = PBXFileReference; lastKnownFileType = file.storyboard; name = Base; path = Base.lproj/LaunchScreen.storyboard; sourceTree = "<group>"; };
		A074F23120C1CF8F008942F2 /* Info.plist */ = {isa = PBXFileReference; lastKnownFileType = text.plist.xml; path = Info.plist; sourceTree = "<group>"; };
		A074F23720C1CF9B008942F2 /* GoogleService-Info.plist */ = {isa = PBXFileReference; fileEncoding = 4; lastKnownFileType = text.plist.xml; path = "GoogleService-Info.plist"; sourceTree = "<group>"; };
		A0FEC1B320C1DFD700D0EE96 /* Captura de pantalla 2018-06-01 a las 22.10.18.png */ = {isa = PBXFileReference; lastKnownFileType = image.png; path = "Captura de pantalla 2018-06-01 a las 22.10.18.png"; sourceTree = "<group>"; };
		A0FEC1B520C1E27B00D0EE96 /* abstract-techno-background-with-halftone-dots_1048-3421.jpg */ = {isa = PBXFileReference; lastKnownFileType = image.jpeg; path = "abstract-techno-background-with-halftone-dots_1048-3421.jpg"; sourceTree = "<group>"; };
		C9DD0B05926FAB21ABE52B99 /* Pods_SuperPro.framework */ = {isa = PBXFileReference; explicitFileType = wrapper.framework; includeInIndex = 0; path = Pods_SuperPro.framework; sourceTree = BUILT_PRODUCTS_DIR; };
/* End PBXFileReference section */

/* Begin PBXFrameworksBuildPhase section */
		A074F21F20C1CF8E008942F2 /* Frameworks */ = {
			isa = PBXFrameworksBuildPhase;
			buildActionMask = 2147483647;
			files = (
				A0653D3020C1D74F004DCA47 /* FirebaseCore.framework in Frameworks */,
				DE6970E6C1CE6149BEC68FFA /* Pods_SuperPro.framework in Frameworks */,
			);
			runOnlyForDeploymentPostprocessing = 0;
		};
/* End PBXFrameworksBuildPhase section */

/* Begin PBXGroup section */
		A074F21920C1CF8E008942F2 = {
			isa = PBXGroup;
			children = (
				A074F22420C1CF8E008942F2 /* SuperPro */,
				A074F22320C1CF8E008942F2 /* Products */,
				D6FC486EA32A1F50F177E12B /* Pods */,
				C2256F181EBD73AAF3E13D70 /* Frameworks */,
			);
			sourceTree = "<group>";
		};
		A074F22320C1CF8E008942F2 /* Products */ = {
			isa = PBXGroup;
			children = (
				A074F22220C1CF8E008942F2 /* SuperPro.app */,
			);
			name = Products;
			sourceTree = "<group>";
		};
		A074F22420C1CF8E008942F2 /* SuperPro */ = {
			isa = PBXGroup;
			children = (
				A0FEC1B520C1E27B00D0EE96 /* abstract-techno-background-with-halftone-dots_1048-3421.jpg */,
				A0FEC1B320C1DFD700D0EE96 /* Captura de pantalla 2018-06-01 a las 22.10.18.png */,
				A0653D2E20C1D34B004DCA47 /* SuperPro.entitlements */,
				A074F22520C1CF8E008942F2 /* AppDelegate.swift */,
				A074F22720C1CF8E008942F2 /* ViewController.swift */,
				A074F22920C1CF8E008942F2 /* Main.storyboard */,
				A074F22C20C1CF8F008942F2 /* Assets.xcassets */,
				A074F22E20C1CF8F008942F2 /* LaunchScreen.storyboard */,
				A074F23720C1CF9B008942F2 /* GoogleService-Info.plist */,
				A074F23120C1CF8F008942F2 /* Info.plist */,
			);
			path = SuperPro;
			sourceTree = "<group>";
		};
		C2256F181EBD73AAF3E13D70 /* Frameworks */ = {
			isa = PBXGroup;
			children = (
				A0653D2F20C1D74F004DCA47 /* FirebaseCore.framework */,
				C9DD0B05926FAB21ABE52B99 /* Pods_SuperPro.framework */,
			);
			name = Frameworks;
			sourceTree = "<group>";
		};
		D6FC486EA32A1F50F177E12B /* Pods */ = {
			isa = PBXGroup;
			children = (
				7F1DCD79071B7B85F9F6E1F0 /* Pods-SuperPro.debug.xcconfig */,
				5F09BF9DC8F7526BDE2A09E0 /* Pods-SuperPro.release.xcconfig */,
			);
			name = Pods;
			sourceTree = "<group>";
		};
/* End PBXGroup section */

/* Begin PBXNativeTarget section */
		A074F22120C1CF8E008942F2 /* SuperPro */ = {
			isa = PBXNativeTarget;
			buildConfigurationList = A074F23420C1CF8F008942F2 /* Build configuration list for PBXNativeTarget "SuperPro" */;
			buildPhases = (
				CEC072F479FC10E877525232 /* [CP] Check Pods Manifest.lock */,
				A074F21E20C1CF8E008942F2 /* Sources */,
				A074F21F20C1CF8E008942F2 /* Frameworks */,
				A074F22020C1CF8E008942F2 /* Resources */,
				710C0AC5491EACFDAF6575E2 /* [CP] Embed Pods Frameworks */,
			);
			buildRules = (
			);
			dependencies = (
			);
			name = SuperPro;
			productName = SuperPro;
			productReference = A074F22220C1CF8E008942F2 /* SuperPro.app */;
			productType = "com.apple.product-type.application";
		};
/* End PBXNativeTarget section */

/* Begin PBXProject section */
		A074F21A20C1CF8E008942F2 /* Project object */ = {
			isa = PBXProject;
			attributes = {
				LastSwiftUpdateCheck = 0930;
				LastUpgradeCheck = 0930;
				ORGANIZATIONNAME = "Eduardo Jordan Muñoz";
				TargetAttributes = {
					A074F22120C1CF8E008942F2 = {
						CreatedOnToolsVersion = 9.3;
						SystemCapabilities = {
							com.apple.Keychain = {
								enabled = 1;
							};
						};
					};
				};
			};
			buildConfigurationList = A074F21D20C1CF8E008942F2 /* Build configuration list for PBXProject "SuperPro" */;
			compatibilityVersion = "Xcode 9.3";
			developmentRegion = en;
			hasScannedForEncodings = 0;
			knownRegions = (
				en,
				Base,
			);
			mainGroup = A074F21920C1CF8E008942F2;
			productRefGroup = A074F22320C1CF8E008942F2 /* Products */;
			projectDirPath = "";
			projectRoot = "";
			targets = (
				A074F22120C1CF8E008942F2 /* SuperPro */,
			);
		};
/* End PBXProject section */

/* Begin PBXResourcesBuildPhase section */
		A074F22020C1CF8E008942F2 /* Resources */ = {
			isa = PBXResourcesBuildPhase;
			buildActionMask = 2147483647;
			files = (
				A0FEC1B620C1E27B00D0EE96 /* abstract-techno-background-with-halftone-dots_1048-3421.jpg in Resources */,
				A074F23020C1CF8F008942F2 /* LaunchScreen.storyboard in Resources */,
				A074F23820C1CF9B008942F2 /* GoogleService-Info.plist in Resources */,
				A074F22D20C1CF8F008942F2 /* Assets.xcassets in Resources */,
				A0FEC1B420C1DFD700D0EE96 /* Captura de pantalla 2018-06-01 a las 22.10.18.png in Resources */,
				A074F22B20C1CF8E008942F2 /* Main.storyboard in Resources */,
			);
			runOnlyForDeploymentPostprocessing = 0;
		};
/* End PBXResourcesBuildPhase section */

/* Begin PBXShellScriptBuildPhase section */
		710C0AC5491EACFDAF6575E2 /* [CP] Embed Pods Frameworks */ = {
			isa = PBXShellScriptBuildPhase;
			buildActionMask = 2147483647;
			files = (
			);
			inputPaths = (
				"${SRCROOT}/Pods/Target Support Files/Pods-SuperPro/Pods-SuperPro-frameworks.sh",
				"${BUILT_PRODUCTS_DIR}/GTMSessionFetcher/GTMSessionFetcher.framework",
				"${BUILT_PRODUCTS_DIR}/GoogleToolboxForMac/GoogleToolboxForMac.framework",
				"${BUILT_PRODUCTS_DIR}/nanopb/nanopb.framework",
			);
			name = "[CP] Embed Pods Frameworks";
			outputPaths = (
				"${TARGET_BUILD_DIR}/${FRAMEWORKS_FOLDER_PATH}/GTMSessionFetcher.framework",
				"${TARGET_BUILD_DIR}/${FRAMEWORKS_FOLDER_PATH}/GoogleToolboxForMac.framework",
				"${TARGET_BUILD_DIR}/${FRAMEWORKS_FOLDER_PATH}/nanopb.framework",
			);
			runOnlyForDeploymentPostprocessing = 0;
			shellPath = /bin/sh;
			shellScript = "\"${SRCROOT}/Pods/Target Support Files/Pods-SuperPro/Pods-SuperPro-frameworks.sh\"\n";
			showEnvVarsInLog = 0;
		};
		CEC072F479FC10E877525232 /* [CP] Check Pods Manifest.lock */ = {
			isa = PBXShellScriptBuildPhase;
			buildActionMask = 2147483647;
			files = (
			);
			inputPaths = (
				"${PODS_PODFILE_DIR_PATH}/Podfile.lock",
				"${PODS_ROOT}/Manifest.lock",
			);
			name = "[CP] Check Pods Manifest.lock";
			outputPaths = (
				"$(DERIVED_FILE_DIR)/Pods-SuperPro-checkManifestLockResult.txt",
			);
			runOnlyForDeploymentPostprocessing = 0;
			shellPath = /bin/sh;
			shellScript = "diff \"${PODS_PODFILE_DIR_PATH}/Podfile.lock\" \"${PODS_ROOT}/Manifest.lock\" > /dev/null\nif [ $? != 0 ] ; then\n    # print error to STDERR\n    echo \"error: The sandbox is not in sync with the Podfile.lock. Run 'pod install' or update your CocoaPods installation.\" >&2\n    exit 1\nfi\n# This output is used by Xcode 'outputs' to avoid re-running this script phase.\necho \"SUCCESS\" > \"${SCRIPT_OUTPUT_FILE_0}\"\n";
			showEnvVarsInLog = 0;
		};
/* End PBXShellScriptBuildPhase section */

/* Begin PBXSourcesBuildPhase section */
		A074F21E20C1CF8E008942F2 /* Sources */ = {
			isa = PBXSourcesBuildPhase;
			buildActionMask = 2147483647;
			files = (
				A074F22820C1CF8E008942F2 /* ViewController.swift in Sources */,
				A074F22620C1CF8E008942F2 /* AppDelegate.swift in Sources */,
			);
			runOnlyForDeploymentPostprocessing = 0;
		};
/* End PBXSourcesBuildPhase section */

/* Begin PBXVariantGroup section */
		A074F22920C1CF8E008942F2 /* Main.storyboard */ = {
			isa = PBXVariantGroup;
			children = (
				A074F22A20C1CF8E008942F2 /* Base */,
			);
			name = Main.storyboard;
			sourceTree = "<group>";
		};
		A074F22E20C1CF8F008942F2 /* LaunchScreen.storyboard */ = {
			isa = PBXVariantGroup;
			children = (
				A074F22F20C1CF8F008942F2 /* Base */,
			);
			name = LaunchScreen.storyboard;
			sourceTree = "<group>";
		};
/* End PBXVariantGroup section */

/* Begin XCBuildConfiguration section */
		A074F23220C1CF8F008942F2 /* Debug */ = {
			isa = XCBuildConfiguration;
			buildSettings = {
				ALWAYS_SEARCH_USER_PATHS = NO;
				CLANG_ANALYZER_NONNULL = YES;
				CLANG_ANALYZER_NUMBER_OBJECT_CONVERSION = YES_AGGRESSIVE;
				CLANG_CXX_LANGUAGE_STANDARD = "gnu++14";
				CLANG_CXX_LIBRARY = "libc++";
				CLANG_ENABLE_MODULES = YES;
				CLANG_ENABLE_OBJC_ARC = YES;
				CLANG_ENABLE_OBJC_WEAK = YES;
				CLANG_WARN_BLOCK_CAPTURE_AUTORELEASING = YES;
				CLANG_WARN_BOOL_CONVERSION = YES;
				CLANG_WARN_COMMA = YES;
				CLANG_WARN_CONSTANT_CONVERSION = YES;
				CLANG_WARN_DEPRECATED_OBJC_IMPLEMENTATIONS = YES;
				CLANG_WARN_DIRECT_OBJC_ISA_USAGE = YES_ERROR;
				CLANG_WARN_DOCUMENTATION_COMMENTS = YES;
				CLANG_WARN_EMPTY_BODY = YES;
				CLANG_WARN_ENUM_CONVERSION = YES;
				CLANG_WARN_INFINITE_RECURSION = YES;
				CLANG_WARN_INT_CONVERSION = YES;
				CLANG_WARN_NON_LITERAL_NULL_CONVERSION = YES;
				CLANG_WARN_OBJC_IMPLICIT_RETAIN_SELF = YES;
				CLANG_WARN_OBJC_LITERAL_CONVERSION = YES;
				CLANG_WARN_OBJC_ROOT_CLASS = YES_ERROR;
				CLANG_WARN_RANGE_LOOP_ANALYSIS = YES;
				CLANG_WARN_STRICT_PROTOTYPES = YES;
				CLANG_WARN_SUSPICIOUS_MOVE = YES;
				CLANG_WARN_UNGUARDED_AVAILABILITY = YES_AGGRESSIVE;
				CLANG_WARN_UNREACHABLE_CODE = YES;
				CLANG_WARN__DUPLICATE_METHOD_MATCH = YES;
				CODE_SIGN_IDENTITY = "iPhone Developer";
				COPY_PHASE_STRIP = NO;
				DEBUG_INFORMATION_FORMAT = dwarf;
				ENABLE_STRICT_OBJC_MSGSEND = YES;
				ENABLE_TESTABILITY = YES;
				GCC_C_LANGUAGE_STANDARD = gnu11;
				GCC_DYNAMIC_NO_PIC = NO;
				GCC_NO_COMMON_BLOCKS = YES;
				GCC_OPTIMIZATION_LEVEL = 0;
				GCC_PREPROCESSOR_DEFINITIONS = (
					"DEBUG=1",
					"$(inherited)",
				);
				GCC_WARN_64_TO_32_BIT_CONVERSION = YES;
				GCC_WARN_ABOUT_RETURN_TYPE = YES_ERROR;
				GCC_WARN_UNDECLARED_SELECTOR = YES;
				GCC_WARN_UNINITIALIZED_AUTOS = YES_AGGRESSIVE;
				GCC_WARN_UNUSED_FUNCTION = YES;
				GCC_WARN_UNUSED_VARIABLE = YES;
				IPHONEOS_DEPLOYMENT_TARGET = 11.3;
				MTL_ENABLE_DEBUG_INFO = YES;
				ONLY_ACTIVE_ARCH = YES;
				SDKROOT = iphoneos;
				SWIFT_ACTIVE_COMPILATION_CONDITIONS = DEBUG;
				SWIFT_OPTIMIZATION_LEVEL = "-Onone";
			};
			name = Debug;
		};
		A074F23320C1CF8F008942F2 /* Release */ = {
			isa = XCBuildConfiguration;
			buildSettings = {
				ALWAYS_SEARCH_USER_PATHS = NO;
				CLANG_ANALYZER_NONNULL = YES;
				CLANG_ANALYZER_NUMBER_OBJECT_CONVERSION = YES_AGGRESSIVE;
				CLANG_CXX_LANGUAGE_STANDARD = "gnu++14";
				CLANG_CXX_LIBRARY = "libc++";
				CLANG_ENABLE_MODULES = YES;
				CLANG_ENABLE_OBJC_ARC = YES;
				CLANG_ENABLE_OBJC_WEAK = YES;
				CLANG_WARN_BLOCK_CAPTURE_AUTORELEASING = YES;
				CLANG_WARN_BOOL_CONVERSION = YES;
				CLANG_WARN_COMMA = YES;
				CLANG_WARN_CONSTANT_CONVERSION = YES;
				CLANG_WARN_DEPRECATED_OBJC_IMPLEMENTATIONS = YES;
				CLANG_WARN_DIRECT_OBJC_ISA_USAGE = YES_ERROR;
				CLANG_WARN_DOCUMENTATION_COMMENTS = YES;
				CLANG_WARN_EMPTY_BODY = YES;
				CLANG_WARN_ENUM_CONVERSION = YES;
				CLANG_WARN_INFINITE_RECURSION = YES;
				CLANG_WARN_INT_CONVERSION = YES;
				CLANG_WARN_NON_LITERAL_NULL_CONVERSION = YES;
				CLANG_WARN_OBJC_IMPLICIT_RETAIN_SELF = YES;
				CLANG_WARN_OBJC_LITERAL_CONVERSION = YES;
				CLANG_WARN_OBJC_ROOT_CLASS = YES_ERROR;
				CLANG_WARN_RANGE_LOOP_ANALYSIS = YES;
				CLANG_WARN_STRICT_PROTOTYPES = YES;
				CLANG_WARN_SUSPICIOUS_MOVE = YES;
				CLANG_WARN_UNGUARDED_AVAILABILITY = YES_AGGRESSIVE;
				CLANG_WARN_UNREACHABLE_CODE = YES;
				CLANG_WARN__DUPLICATE_METHOD_MATCH = YES;
				CODE_SIGN_IDENTITY = "iPhone Developer";
				COPY_PHASE_STRIP = NO;
				DEBUG_INFORMATION_FORMAT = "dwarf-with-dsym";
				ENABLE_NS_ASSERTIONS = NO;
				ENABLE_STRICT_OBJC_MSGSEND = YES;
				GCC_C_LANGUAGE_STANDARD = gnu11;
				GCC_NO_COMMON_BLOCKS = YES;
				GCC_WARN_64_TO_32_BIT_CONVERSION = YES;
				GCC_WARN_ABOUT_RETURN_TYPE = YES_ERROR;
				GCC_WARN_UNDECLARED_SELECTOR = YES;
				GCC_WARN_UNINITIALIZED_AUTOS = YES_AGGRESSIVE;
				GCC_WARN_UNUSED_FUNCTION = YES;
				GCC_WARN_UNUSED_VARIABLE = YES;
				IPHONEOS_DEPLOYMENT_TARGET = 11.3;
				MTL_ENABLE_DEBUG_INFO = NO;
				SDKROOT = iphoneos;
				SWIFT_COMPILATION_MODE = wholemodule;
				SWIFT_OPTIMIZATION_LEVEL = "-O";
				VALIDATE_PRODUCT = YES;
			};
			name = Release;
		};
		A074F23520C1CF8F008942F2 /* Debug */ = {
			isa = XCBuildConfiguration;
			baseConfigurationReference = 7F1DCD79071B7B85F9F6E1F0 /* Pods-SuperPro.debug.xcconfig */;
			buildSettings = {
				ASSETCATALOG_COMPILER_APPICON_NAME = AppIcon;
				CODE_SIGN_ENTITLEMENTS = SuperPro/SuperPro.entitlements;
				CODE_SIGN_STYLE = Automatic;
				DEVELOPMENT_TEAM = QSL65SU6PD;
				INFOPLIST_FILE = SuperPro/Info.plist;
				LD_RUNPATH_SEARCH_PATHS = (
					"$(inherited)",
					"@executable_path/Frameworks",
				);
				PRODUCT_BUNDLE_IDENTIFIER = bundleSuperPro;
				PRODUCT_NAME = "$(TARGET_NAME)";
				SWIFT_VERSION = 4.0;
				TARGETED_DEVICE_FAMILY = "1,2";
			};
			name = Debug;
		};
		A074F23620C1CF8F008942F2 /* Release */ = {
			isa = XCBuildConfiguration;
			baseConfigurationReference = 5F09BF9DC8F7526BDE2A09E0 /* Pods-SuperPro.release.xcconfig */;
			buildSettings = {
				ASSETCATALOG_COMPILER_APPICON_NAME = AppIcon;
				CODE_SIGN_ENTITLEMENTS = SuperPro/SuperPro.entitlements;
				CODE_SIGN_STYLE = Automatic;
				DEVELOPMENT_TEAM = QSL65SU6PD;
				INFOPLIST_FILE = SuperPro/Info.plist;
				LD_RUNPATH_SEARCH_PATHS = (
					"$(inherited)",
					"@executable_path/Frameworks",
				);
				PRODUCT_BUNDLE_IDENTIFIER = bundleSuperPro;
				PRODUCT_NAME = "$(TARGET_NAME)";
				SWIFT_VERSION = 4.0;
				TARGETED_DEVICE_FAMILY = "1,2";
			};
			name = Release;
		};
/* End XCBuildConfiguration section */

/* Begin XCConfigurationList section */
		A074F21D20C1CF8E008942F2 /* Build configuration list for PBXProject "SuperPro" */ = {
			isa = XCConfigurationList;
			buildConfigurations = (
				A074F23220C1CF8F008942F2 /* Debug */,
				A074F23320C1CF8F008942F2 /* Release */,
			);
			defaultConfigurationIsVisible = 0;
			defaultConfigurationName = Release;
		};
		A074F23420C1CF8F008942F2 /* Build configuration list for PBXNativeTarget "SuperPro" */ = {
			isa = XCConfigurationList;
			buildConfigurations = (
				A074F23520C1CF8F008942F2 /* Debug */,
				A074F23620C1CF8F008942F2 /* Release */,
			);
			defaultConfigurationIsVisible = 0;
			defaultConfigurationName = Release;
		};
/* End XCConfigurationList section */
	};
	rootObject = A074F21A20C1CF8E008942F2 /* Project object */;
}
